
Microsoft Visual Studio Solution File, Format Version 12.00
# Visual Studio Version 17
VisualStudioVersion = 17.5.33530.505
MinimumVisualStudioVersion = 10.0.40219.1
Project("{FAE04EC0-301F-11D3-BF4B-00C04F79EFBC}") = "Projekt", "Projekt\Projekt.csproj", "{AAD31773-5382-4C47-A9A1-042F4902017B}"
EndProject
Global
	GlobalSection(SolutionConfigurationPlatforms) = preSolution
		Debug|Any CPU = Debug|Any CPU
		Debug|x64 = Debug|x64
		Release|Any CPU = Release|Any CPU
		Release|x64 = Release|x64
	EndGlobalSection
	GlobalSection(ProjectConfigurationPlatforms) = postSolution
		{AAD31773-5382-4C47-A9A1-042F4902017B}.Debug|Any CPU.ActiveCfg = Debug|Any CPU
		{AAD31773-5382-4C47-A9A1-042F4902017B}.Debug|Any CPU.Build.0 = Debug|Any CPU
		{AAD31773-5382-4C47-A9A1-042F4902017B}.Debug|x64.ActiveCfg = Debug|x64
		{AAD31773-5382-4C47-A9A1-042F4902017B}.Debug|x64.Build.0 = Debug|x64
		{AAD31773-5382-4C47-A9A1-042F4902017B}.Release|Any CPU.ActiveCfg = Release|Any CPU
		{AAD31773-5382-4C47-A9A1-042F4902017B}.Release|Any CPU.Build.0 = Release|Any CPU
		{AAD31773-5382-4C47-A9A1-042F4902017B}.Release|x64.ActiveCfg = Release|x64
		{AAD31773-5382-4C47-A9A1-042F4902017B}.Release|x64.Build.0 = Release|x64
	EndGlobalSection
	GlobalSection(SolutionProperties) = preSolution
		HideSolutionNode = FALSE
	EndGlobalSection
	GlobalSection(ExtensibilityGlobals) = postSolution
		SolutionGuid = {FEEB59C8-19C6-4AF7-9A27-02E37C44EA34}
	EndGlobalSection
EndGlobal
